// !$*UTF8*$!
{
	archiveVersion = 1;
	classes = {
	};
	objectVersion = 56;
	objects = {

/* Begin PBXBuildFile section */
		86317FE52A16CE7E00D19F2C /* Main.storyboard in Resources */ = {isa = PBXBuildFile; fileRef = 86317FE42A16CE7E00D19F2C /* Main.storyboard */; };
		86B49BF92A02608B00181FBC /* AppDelegate.swift in Sources */ = {isa = PBXBuildFile; fileRef = 86B49BF82A02608B00181FBC /* AppDelegate.swift */; };
		86B49BFB2A02608B00181FBC /* SceneDelegate.swift in Sources */ = {isa = PBXBuildFile; fileRef = 86B49BFA2A02608B00181FBC /* SceneDelegate.swift */; };
		86B49BFD2A02608B00181FBC /* MainTabBarViewController.swift in Sources */ = {isa = PBXBuildFile; fileRef = 86B49BFC2A02608B00181FBC /* MainTabBarViewController.swift */; };
		86B49C022A02608C00181FBC /* Assets.xcassets in Resources */ = {isa = PBXBuildFile; fileRef = 86B49C012A02608C00181FBC /* Assets.xcassets */; };
		86B49C052A02608C00181FBC /* LaunchScreen.storyboard in Resources */ = {isa = PBXBuildFile; fileRef = 86B49C032A02608C00181FBC /* LaunchScreen.storyboard */; };
		86B49C0E2A02632800181FBC /* Tabman in Frameworks */ = {isa = PBXBuildFile; productRef = 86B49C0D2A02632800181FBC /* Tabman */; };
		86B49C102A0264AC00181FBC /* HomeTabmanViewController.swift in Sources */ = {isa = PBXBuildFile; fileRef = 86B49C0F2A0264AC00181FBC /* HomeTabmanViewController.swift */; };
		86B49C122A0265B700181FBC /* HomeViewController.storyboard in Resources */ = {isa = PBXBuildFile; fileRef = 86B49C112A0265B700181FBC /* HomeViewController.storyboard */; };
		86B49C142A02660100181FBC /* HomeViewController.swift in Sources */ = {isa = PBXBuildFile; fileRef = 86B49C132A02660100181FBC /* HomeViewController.swift */; };
		86B49C162A02846B00181FBC /* ContainerPageViewController.swift in Sources */ = {isa = PBXBuildFile; fileRef = 86B49C152A02846B00181FBC /* ContainerPageViewController.swift */; };
		86B49C1A2A0287C600181FBC /* ServiceViewController.storyboard in Resources */ = {isa = PBXBuildFile; fileRef = 86B49C192A0287C600181FBC /* ServiceViewController.storyboard */; };
		86B49C1C2A0287D400181FBC /* ServiceViewController.swift in Sources */ = {isa = PBXBuildFile; fileRef = 86B49C1B2A0287D400181FBC /* ServiceViewController.swift */; };
		86B49C1E2A028DD800181FBC /* ImageViewCell.swift in Sources */ = {isa = PBXBuildFile; fileRef = 86B49C1D2A028DD800181FBC /* ImageViewCell.swift */; };
		86B49C242A02B36600181FBC /* ImageViewCell.xib in Resources */ = {isa = PBXBuildFile; fileRef = 86B49C232A02B36600181FBC /* ImageViewCell.xib */; };
/* End PBXBuildFile section */

/* Begin PBXFileReference section */
		86317FE42A16CE7E00D19F2C /* Main.storyboard */ = {isa = PBXFileReference; fileEncoding = 4; lastKnownFileType = file.storyboard; path = Main.storyboard; sourceTree = "<group>"; };
		86B49BF52A02608B00181FBC /* TabmanTutorial.app */ = {isa = PBXFileReference; explicitFileType = wrapper.application; includeInIndex = 0; path = TabmanTutorial.app; sourceTree = BUILT_PRODUCTS_DIR; };
		86B49BF82A02608B00181FBC /* AppDelegate.swift */ = {isa = PBXFileReference; lastKnownFileType = sourcecode.swift; path = AppDelegate.swift; sourceTree = "<group>"; };
		86B49BFA2A02608B00181FBC /* SceneDelegate.swift */ = {isa = PBXFileReference; lastKnownFileType = sourcecode.swift; path = SceneDelegate.swift; sourceTree = "<group>"; };
		86B49BFC2A02608B00181FBC /* MainTabBarViewController.swift */ = {isa = PBXFileReference; lastKnownFileType = sourcecode.swift; path = MainTabBarViewController.swift; sourceTree = "<group>"; };
		86B49C012A02608C00181FBC /* Assets.xcassets */ = {isa = PBXFileReference; lastKnownFileType = folder.assetcatalog; path = Assets.xcassets; sourceTree = "<group>"; };
		86B49C042A02608C00181FBC /* Base */ = {isa = PBXFileReference; lastKnownFileType = file.storyboard; name = Base; path = Base.lproj/LaunchScreen.storyboard; sourceTree = "<group>"; };
		86B49C062A02608C00181FBC /* Info.plist */ = {isa = PBXFileReference; lastKnownFileType = text.plist.xml; path = Info.plist; sourceTree = "<group>"; };
		86B49C0F2A0264AC00181FBC /* HomeTabmanViewController.swift */ = {isa = PBXFileReference; lastKnownFileType = sourcecode.swift; path = HomeTabmanViewController.swift; sourceTree = "<group>"; };
		86B49C112A0265B700181FBC /* HomeViewController.storyboard */ = {isa = PBXFileReference; lastKnownFileType = file.storyboard; path = HomeViewController.storyboard; sourceTree = "<group>"; };
		86B49C132A02660100181FBC /* HomeViewController.swift */ = {isa = PBXFileReference; lastKnownFileType = sourcecode.swift; path = HomeViewController.swift; sourceTree = "<group>"; };
		86B49C152A02846B00181FBC /* ContainerPageViewController.swift */ = {isa = PBXFileReference; lastKnownFileType = sourcecode.swift; path = ContainerPageViewController.swift; sourceTree = "<group>"; };
		86B49C192A0287C600181FBC /* ServiceViewController.storyboard */ = {isa = PBXFileReference; lastKnownFileType = file.storyboard; path = ServiceViewController.storyboard; sourceTree = "<group>"; };
		86B49C1B2A0287D400181FBC /* ServiceViewController.swift */ = {isa = PBXFileReference; lastKnownFileType = sourcecode.swift; path = ServiceViewController.swift; sourceTree = "<group>"; };
		86B49C1D2A028DD800181FBC /* ImageViewCell.swift */ = {isa = PBXFileReference; lastKnownFileType = sourcecode.swift; path = ImageViewCell.swift; sourceTree = "<group>"; };
		86B49C232A02B36600181FBC /* ImageViewCell.xib */ = {isa = PBXFileReference; lastKnownFileType = file.xib; path = ImageViewCell.xib; sourceTree = "<group>"; };
/* End PBXFileReference section */

/* Begin PBXFrameworksBuildPhase section */
		86B49BF22A02608B00181FBC /* Frameworks */ = {
			isa = PBXFrameworksBuildPhase;
			buildActionMask = 2147483647;
			files = (
				86B49C0E2A02632800181FBC /* Tabman in Frameworks */,
			);
			runOnlyForDeploymentPostprocessing = 0;
		};
/* End PBXFrameworksBuildPhase section */

/* Begin PBXGroup section */
		86B49BEC2A02608B00181FBC = {
			isa = PBXGroup;
			children = (
				86B49BF72A02608B00181FBC /* TabmanTutorial */,
				86B49BF62A02608B00181FBC /* Products */,
			);
			sourceTree = "<group>";
		};
		86B49BF62A02608B00181FBC /* Products */ = {
			isa = PBXGroup;
			children = (
				86B49BF52A02608B00181FBC /* TabmanTutorial.app */,
			);
			name = Products;
			sourceTree = "<group>";
		};
		86B49BF72A02608B00181FBC /* TabmanTutorial */ = {
			isa = PBXGroup;
			children = (
				86B49BF82A02608B00181FBC /* AppDelegate.swift */,
				86B49BFA2A02608B00181FBC /* SceneDelegate.swift */,
				86B49BFC2A02608B00181FBC /* MainTabBarViewController.swift */,
				86317FE42A16CE7E00D19F2C /* Main.storyboard */,
				86B49C012A02608C00181FBC /* Assets.xcassets */,
				86B49C032A02608C00181FBC /* LaunchScreen.storyboard */,
				86B49C062A02608C00181FBC /* Info.plist */,
				86B49C0F2A0264AC00181FBC /* HomeTabmanViewController.swift */,
				86B49C112A0265B700181FBC /* HomeViewController.storyboard */,
				86B49C132A02660100181FBC /* HomeViewController.swift */,
				86B49C152A02846B00181FBC /* ContainerPageViewController.swift */,
				86B49C192A0287C600181FBC /* ServiceViewController.storyboard */,
				86B49C1B2A0287D400181FBC /* ServiceViewController.swift */,
				86B49C232A02B36600181FBC /* ImageViewCell.xib */,
				86B49C1D2A028DD800181FBC /* ImageViewCell.swift */,
			);
			path = TabmanTutorial;
			sourceTree = "<group>";
		};
/* End PBXGroup section */

/* Begin PBXNativeTarget section */
		86B49BF42A02608B00181FBC /* TabmanTutorial */ = {
			isa = PBXNativeTarget;
			buildConfigurationList = 86B49C092A02608C00181FBC /* Build configuration list for PBXNativeTarget "TabmanTutorial" */;
			buildPhases = (
				86B49BF12A02608B00181FBC /* Sources */,
				86B49BF22A02608B00181FBC /* Frameworks */,
				86B49BF32A02608B00181FBC /* Resources */,
			);
			buildRules = (
			);
			dependencies = (
			);
			name = TabmanTutorial;
			packageProductDependencies = (
				86B49C0D2A02632800181FBC /* Tabman */,
			);
			productName = DailyChallengeDay2;
			productReference = 86B49BF52A02608B00181FBC /* TabmanTutorial.app */;
			productType = "com.apple.product-type.application";
		};
/* End PBXNativeTarget section */

/* Begin PBXProject section */
		86B49BED2A02608B00181FBC /* Project object */ = {
			isa = PBXProject;
			attributes = {
				BuildIndependentTargetsInParallel = 1;
				LastSwiftUpdateCheck = 1430;
				LastUpgradeCheck = 1430;
				TargetAttributes = {
					86B49BF42A02608B00181FBC = {
						CreatedOnToolsVersion = 14.3;
					};
				};
			};
			buildConfigurationList = 86B49BF02A02608B00181FBC /* Build configuration list for PBXProject "TabmanTutorial" */;
			compatibilityVersion = "Xcode 14.0";
			developmentRegion = en;
			hasScannedForEncodings = 0;
			knownRegions = (
				en,
				Base,
			);
			mainGroup = 86B49BEC2A02608B00181FBC;
			packageReferences = (
				86B49C0C2A02632800181FBC /* XCRemoteSwiftPackageReference "Tabman" */,
			);
			productRefGroup = 86B49BF62A02608B00181FBC /* Products */;
			projectDirPath = "";
			projectRoot = "";
			targets = (
				86B49BF42A02608B00181FBC /* TabmanTutorial */,
			);
		};
/* End PBXProject section */

/* Begin PBXResourcesBuildPhase section */
		86B49BF32A02608B00181FBC /* Resources */ = {
			isa = PBXResourcesBuildPhase;
			buildActionMask = 2147483647;
			files = (
				86B49C1A2A0287C600181FBC /* ServiceViewController.storyboard in Resources */,
				86B49C122A0265B700181FBC /* HomeViewController.storyboard in Resources */,
				86B49C052A02608C00181FBC /* LaunchScreen.storyboard in Resources */,
				86317FE52A16CE7E00D19F2C /* Main.storyboard in Resources */,
				86B49C022A02608C00181FBC /* Assets.xcassets in Resources */,
				86B49C242A02B36600181FBC /* ImageViewCell.xib in Resources */,
			);
			runOnlyForDeploymentPostprocessing = 0;
		};
/* End PBXResourcesBuildPhase section */

/* Begin PBXSourcesBuildPhase section */
		86B49BF12A02608B00181FBC /* Sources */ = {
			isa = PBXSourcesBuildPhase;
			buildActionMask = 2147483647;
			files = (
				86B49BFD2A02608B00181FBC /* MainTabBarViewController.swift in Sources */,
				86B49C142A02660100181FBC /* HomeViewController.swift in Sources */,
				86B49C102A0264AC00181FBC /* HomeTabmanViewController.swift in Sources */,
				86B49C162A02846B00181FBC /* ContainerPageViewController.swift in Sources */,
				86B49C1E2A028DD800181FBC /* ImageViewCell.swift in Sources */,
				86B49C1C2A0287D400181FBC /* ServiceViewController.swift in Sources */,
				86B49BF92A02608B00181FBC /* AppDelegate.swift in Sources */,
				86B49BFB2A02608B00181FBC /* SceneDelegate.swift in Sources */,
			);
			runOnlyForDeploymentPostprocessing = 0;
		};
/* End PBXSourcesBuildPhase section */

/* Begin PBXVariantGroup section */
		86B49C032A02608C00181FBC /* LaunchScreen.storyboard */ = {
			isa = PBXVariantGroup;
			children = (
				86B49C042A02608C00181FBC /* Base */,
			);
			name = LaunchScreen.storyboard;
			sourceTree = "<group>";
		};
/* End PBXVariantGroup section */

/* Begin XCBuildConfiguration section */
		86B49C072A02608C00181FBC /* Debug */ = {
			isa = XCBuildConfiguration;
			buildSettings = {
				ALWAYS_SEARCH_USER_PATHS = NO;
				CLANG_ANALYZER_NONNULL = YES;
				CLANG_ANALYZER_NUMBER_OBJECT_CONVERSION = YES_AGGRESSIVE;
				CLANG_CXX_LANGUAGE_STANDARD = "gnu++20";
				CLANG_ENABLE_MODULES = YES;
				CLANG_ENABLE_OBJC_ARC = YES;
				CLANG_ENABLE_OBJC_WEAK = YES;
				CLANG_WARN_BLOCK_CAPTURE_AUTORELEASING = YES;
				CLANG_WARN_BOOL_CONVERSION = YES;
				CLANG_WARN_COMMA = YES;
				CLANG_WARN_CONSTANT_CONVERSION = YES;
				CLANG_WARN_DEPRECATED_OBJC_IMPLEMENTATIONS = YES;
				CLANG_WARN_DIRECT_OBJC_ISA_USAGE = YES_ERROR;
				CLANG_WARN_DOCUMENTATION_COMMENTS = YES;
				CLANG_WARN_EMPTY_BODY = YES;
				CLANG_WARN_ENUM_CONVERSION = YES;
				CLANG_WARN_INFINITE_RECURSION = YES;
				CLANG_WARN_INT_CONVERSION = YES;
				CLANG_WARN_NON_LITERAL_NULL_CONVERSION = YES;
				CLANG_WARN_OBJC_IMPLICIT_RETAIN_SELF = YES;
				CLANG_WARN_OBJC_LITERAL_CONVERSION = YES;
				CLANG_WARN_OBJC_ROOT_CLASS = YES_ERROR;
				CLANG_WARN_QUOTED_INCLUDE_IN_FRAMEWORK_HEADER = YES;
				CLANG_WARN_RANGE_LOOP_ANALYSIS = YES;
				CLANG_WARN_STRICT_PROTOTYPES = YES;
				CLANG_WARN_SUSPICIOUS_MOVE = YES;
				CLANG_WARN_UNGUARDED_AVAILABILITY = YES_AGGRESSIVE;
				CLANG_WARN_UNREACHABLE_CODE = YES;
				CLANG_WARN__DUPLICATE_METHOD_MATCH = YES;
				COPY_PHASE_STRIP = NO;
				DEBUG_INFORMATION_FORMAT = dwarf;
				ENABLE_STRICT_OBJC_MSGSEND = YES;
				ENABLE_TESTABILITY = YES;
				GCC_C_LANGUAGE_STANDARD = gnu11;
				GCC_DYNAMIC_NO_PIC = NO;
				GCC_NO_COMMON_BLOCKS = YES;
				GCC_OPTIMIZATION_LEVEL = 0;
				GCC_PREPROCESSOR_DEFINITIONS = (
					"DEBUG=1",
					"$(inherited)",
				);
				GCC_WARN_64_TO_32_BIT_CONVERSION = YES;
				GCC_WARN_ABOUT_RETURN_TYPE = YES_ERROR;
				GCC_WARN_UNDECLARED_SELECTOR = YES;
				GCC_WARN_UNINITIALIZED_AUTOS = YES_AGGRESSIVE;
				GCC_WARN_UNUSED_FUNCTION = YES;
				GCC_WARN_UNUSED_VARIABLE = YES;
				IPHONEOS_DEPLOYMENT_TARGET = 16.4;
				MTL_ENABLE_DEBUG_INFO = INCLUDE_SOURCE;
				MTL_FAST_MATH = YES;
				ONLY_ACTIVE_ARCH = YES;
				SDKROOT = iphoneos;
				SWIFT_ACTIVE_COMPILATION_CONDITIONS = DEBUG;
				SWIFT_OPTIMIZATION_LEVEL = "-Onone";
			};
			name = Debug;
		};
		86B49C082A02608C00181FBC /* Release */ = {
			isa = XCBuildConfiguration;
			buildSettings = {
				ALWAYS_SEARCH_USER_PATHS = NO;
				CLANG_ANALYZER_NONNULL = YES;
				CLANG_ANALYZER_NUMBER_OBJECT_CONVERSION = YES_AGGRESSIVE;
				CLANG_CXX_LANGUAGE_STANDARD = "gnu++20";
				CLANG_ENABLE_MODULES = YES;
				CLANG_ENABLE_OBJC_ARC = YES;
				CLANG_ENABLE_OBJC_WEAK = YES;
				CLANG_WARN_BLOCK_CAPTURE_AUTORELEASING = YES;
				CLANG_WARN_BOOL_CONVERSION = YES;
				CLANG_WARN_COMMA = YES;
				CLANG_WARN_CONSTANT_CONVERSION = YES;
				CLANG_WARN_DEPRECATED_OBJC_IMPLEMENTATIONS = YES;
				CLANG_WARN_DIRECT_OBJC_ISA_USAGE = YES_ERROR;
				CLANG_WARN_DOCUMENTATION_COMMENTS = YES;
				CLANG_WARN_EMPTY_BODY = YES;
				CLANG_WARN_ENUM_CONVERSION = YES;
				CLANG_WARN_INFINITE_RECURSION = YES;
				CLANG_WARN_INT_CONVERSION = YES;
				CLANG_WARN_NON_LITERAL_NULL_CONVERSION = YES;
				CLANG_WARN_OBJC_IMPLICIT_RETAIN_SELF = YES;
				CLANG_WARN_OBJC_LITERAL_CONVERSION = YES;
				CLANG_WARN_OBJC_ROOT_CLASS = YES_ERROR;
				CLANG_WARN_QUOTED_INCLUDE_IN_FRAMEWORK_HEADER = YES;
				CLANG_WARN_RANGE_LOOP_ANALYSIS = YES;
				CLANG_WARN_STRICT_PROTOTYPES = YES;
				CLANG_WARN_SUSPICIOUS_MOVE = YES;
				CLANG_WARN_UNGUARDED_AVAILABILITY = YES_AGGRESSIVE;
				CLANG_WARN_UNREACHABLE_CODE = YES;
				CLANG_WARN__DUPLICATE_METHOD_MATCH = YES;
				COPY_PHASE_STRIP = NO;
				DEBUG_INFORMATION_FORMAT = "dwarf-with-dsym";
				ENABLE_NS_ASSERTIONS = NO;
				ENABLE_STRICT_OBJC_MSGSEND = YES;
				GCC_C_LANGUAGE_STANDARD = gnu11;
				GCC_NO_COMMON_BLOCKS = YES;
				GCC_WARN_64_TO_32_BIT_CONVERSION = YES;
				GCC_WARN_ABOUT_RETURN_TYPE = YES_ERROR;
				GCC_WARN_UNDECLARED_SELECTOR = YES;
				GCC_WARN_UNINITIALIZED_AUTOS = YES_AGGRESSIVE;
				GCC_WARN_UNUSED_FUNCTION = YES;
				GCC_WARN_UNUSED_VARIABLE = YES;
				IPHONEOS_DEPLOYMENT_TARGET = 16.4;
				MTL_ENABLE_DEBUG_INFO = NO;
				MTL_FAST_MATH = YES;
				SDKROOT = iphoneos;
				SWIFT_COMPILATION_MODE = wholemodule;
				SWIFT_OPTIMIZATION_LEVEL = "-O";
				VALIDATE_PRODUCT = YES;
			};
			name = Release;
		};
		86B49C0A2A02608C00181FBC /* Debug */ = {
			isa = XCBuildConfiguration;
			buildSettings = {
				ASSETCATALOG_COMPILER_APPICON_NAME = AppIcon;
				ASSETCATALOG_COMPILER_GLOBAL_ACCENT_COLOR_NAME = AccentColor;
				CODE_SIGN_STYLE = Automatic;
				CURRENT_PROJECT_VERSION = 1;
				DEVELOPMENT_TEAM = 82R248LTUV;
				GENERATE_INFOPLIST_FILE = YES;
				INFOPLIST_FILE = TabmanTutorial/Info.plist;
				INFOPLIST_KEY_UIApplicationSupportsIndirectInputEvents = YES;
				INFOPLIST_KEY_UILaunchStoryboardName = LaunchScreen;
				INFOPLIST_KEY_UIMainStoryboardFile = Main;
				INFOPLIST_KEY_UISupportedInterfaceOrientations_iPad = "UIInterfaceOrientationPortrait UIInterfaceOrientationPortraitUpsideDown UIInterfaceOrientationLandscapeLeft UIInterfaceOrientationLandscapeRight";
				INFOPLIST_KEY_UISupportedInterfaceOrientations_iPhone = "UIInterfaceOrientationPortrait UIInterfaceOrientationLandscapeLeft UIInterfaceOrientationLandscapeRight";
				LD_RUNPATH_SEARCH_PATHS = (
					"$(inherited)",
					"@executable_path/Frameworks",
				);
				MARKETING_VERSION = 1.0;
				PRODUCT_BUNDLE_IDENTIFIER = com.yonggipo.TabmanTutorial;
				PRODUCT_NAME = "$(TARGET_NAME)";
				SWIFT_EMIT_LOC_STRINGS = YES;
				SWIFT_VERSION = 5.0;
				TARGETED_DEVICE_FAMILY = "1,2";
			};
			name = Debug;
		};
		86B49C0B2A02608C00181FBC /* Release */ = {
			isa = XCBuildConfiguration;
			buildSettings = {
				ASSETCATALOG_COMPILER_APPICON_NAME = AppIcon;
				ASSETCATALOG_COMPILER_GLOBAL_ACCENT_COLOR_NAME = AccentColor;
				CODE_SIGN_STYLE = Automatic;
				CURRENT_PROJECT_VERSION = 1;
				DEVELOPMENT_TEAM = 82R248LTUV;
				GENERATE_INFOPLIST_FILE = YES;
				INFOPLIST_FILE = TabmanTutorial/Info.plist;
				INFOPLIST_KEY_UIApplicationSupportsIndirectInputEvents = YES;
				INFOPLIST_KEY_UILaunchStoryboardName = LaunchScreen;
				INFOPLIST_KEY_UIMainStoryboardFile = Main;
				INFOPLIST_KEY_UISupportedInterfaceOrientations_iPad = "UIInterfaceOrientationPortrait UIInterfaceOrientationPortraitUpsideDown UIInterfaceOrientationLandscapeLeft UIInterfaceOrientationLandscapeRight";
				INFOPLIST_KEY_UISupportedInterfaceOrientations_iPhone = "UIInterfaceOrientationPortrait UIInterfaceOrientationLandscapeLeft UIInterfaceOrientationLandscapeRight";
				LD_RUNPATH_SEARCH_PATHS = (
					"$(inherited)",
					"@executable_path/Frameworks",
				);
				MARKETING_VERSION = 1.0;
				PRODUCT_BUNDLE_IDENTIFIER = com.yonggipo.TabmanTutorial;
				PRODUCT_NAME = "$(TARGET_NAME)";
				SWIFT_EMIT_LOC_STRINGS = YES;
				SWIFT_VERSION = 5.0;
				TARGETED_DEVICE_FAMILY = "1,2";
			};
			name = Release;
		};
/* End XCBuildConfiguration section */

/* Begin XCConfigurationList section */
		86B49BF02A02608B00181FBC /* Build configuration list for PBXProject "TabmanTutorial" */ = {
			isa = XCConfigurationList;
			buildConfigurations = (
				86B49C072A02608C00181FBC /* Debug */,
				86B49C082A02608C00181FBC /* Release */,
			);
			defaultConfigurationIsVisible = 0;
			defaultConfigurationName = Release;
		};
		86B49C092A02608C00181FBC /* Build configuration list for PBXNativeTarget "TabmanTutorial" */ = {
			isa = XCConfigurationList;
			buildConfigurations = (
				86B49C0A2A02608C00181FBC /* Debug */,
				86B49C0B2A02608C00181FBC /* Release */,
			);
			defaultConfigurationIsVisible = 0;
			defaultConfigurationName = Release;
		};
/* End XCConfigurationList section */

/* Begin XCRemoteSwiftPackageReference section */
		86B49C0C2A02632800181FBC /* XCRemoteSwiftPackageReference "Tabman" */ = {
			isa = XCRemoteSwiftPackageReference;
			repositoryURL = "https://github.com/uias/Tabman";
			requirement = {
				kind = upToNextMajorVersion;
				minimumVersion = 3.0.0;
			};
		};
/* End XCRemoteSwiftPackageReference section */

/* Begin XCSwiftPackageProductDependency section */
		86B49C0D2A02632800181FBC /* Tabman */ = {
			isa = XCSwiftPackageProductDependency;
			package = 86B49C0C2A02632800181FBC /* XCRemoteSwiftPackageReference "Tabman" */;
			productName = Tabman;
		};
/* End XCSwiftPackageProductDependency section */
	};
	rootObject = 86B49BED2A02608B00181FBC /* Project object */;
}
